<?xml version="1.0" encoding="utf-8"?>
<Project ToolsVersion="4.0" xmlns="http://schemas.microsoft.com/developer/msbuild/2003">
  <ItemGroup>
    <ClCompile Include="Engine\Animation.cpp" />
    <ClCompile Include="Engine\Camera.cpp" />
    <ClCompile Include="Engine\Collision.cpp" />
    <ClCompile Include="Engine\Engine.cpp" />
    <ClCompile Include="Engine\Font.cpp" />
    <ClCompile Include="Engine\GameObject.cpp" />
    <ClCompile Include="Engine\GameObjectManager.cpp" />
    <ClCompile Include="Engine\GameStateManager.cpp" />
    <ClCompile Include="Engine\Input.cpp" />
    <ClCompile Include="Engine\logger.cpp" />
    <ClCompile Include="Engine\Matrix.cpp" />
    <ClCompile Include="Engine\Rect.cpp" />
    <ClCompile Include="Engine\ShowCollision.cpp" />
    <ClCompile Include="Engine\Sprite.cpp" />
    <ClCompile Include="Engine\Texture.cpp" />
    <ClCompile Include="Engine\TextureManager.cpp" />
    <ClCompile Include="Engine\Timer.cpp" />
    <ClCompile Include="Engine\TurnManager.cpp" />
    <ClCompile Include="Engine\Vec2.cpp" />
    <ClCompile Include="Engine\Window.cpp" />
    <ClCompile Include="Game\Background.cpp" />
    <ClCompile Include="Game\BattleMap.cpp" />
    <ClCompile Include="Game\Castle.cpp" />
    <ClCompile Include="Game\GameSession.cpp" />
    <ClCompile Include="Game\LinearMovement.cpp" />
    <ClCompile Include="Game\MainMapState.cpp" />
    <ClCompile Include="Game\map.cpp" />
    <ClCompile Include="Game\Material.cpp" />
    <ClCompile Include="Game\Menu.cpp" />
    <ClCompile Include="Game\Mode0.cpp" />
    <ClCompile Include="Game\SnakeGen.cpp" />
    <ClCompile Include="Game\PlacementTile.cpp" />
    <ClCompile Include="Game\Soldier.cpp" />
    <ClCompile Include="Game\Splash.cpp" />
    <ClCompile Include="Game\Squirrel.cpp" />
    <ClCompile Include="Game\SquirrelGen.cpp" />
    <ClCompile Include="Game\StateEnding.cpp" />
    <ClCompile Include="Game\UnitButton.cpp" />
    <ClCompile Include="Game\UnitProduction.cpp" />
    <ClCompile Include="main.cpp" />
    <ClCompile Include="Game\AudioManager.cpp" />
  </ItemGroup>
  <ItemGroup>
    <ClInclude Include="Engine\Animation.h" />
    <ClInclude Include="Engine\Camera.h" />
    <ClInclude Include="Engine\Collision.h" />
    <ClInclude Include="Engine\Component.h" />
    <ClInclude Include="Engine\ComponentManager.h" />
    <ClInclude Include="Engine\Engine.h" />
    <ClInclude Include="Engine\Font.h" />
    <ClInclude Include="Engine\GameObject.h" />
    <ClInclude Include="Engine\GameObjectManager.h" />
    <ClInclude Include="Engine\GameState.h" />
    <ClInclude Include="Engine\GameStateManager.h" />
    <ClInclude Include="Engine\Input.h" />
    <ClInclude Include="Engine\logger.h" />
    <ClInclude Include="Engine\Matrix.h" />
    <ClInclude Include="Engine\Rect.h" />
    <ClInclude Include="Engine\ShowCollision.h" />
    <ClInclude Include="Engine\Sprite.h" />
    <ClInclude Include="Engine\Texture.h" />
    <ClInclude Include="Engine\TextureManager.h" />
    <ClInclude Include="Engine\Timer.h" />
    <ClInclude Include="Engine\TurnManager.h" />
    <ClInclude Include="Engine\Vec2.h" />
    <ClInclude Include="Engine\Window.h" />
    <ClInclude Include="Game\Background.h" />
    <ClInclude Include="Game\BattleMap.h" />
    <ClInclude Include="Game\Castle.h" />
    <ClInclude Include="Game\GameObjectTypes.h" />
    <ClInclude Include="Game\GameSession.h" />
    <ClInclude Include="Game\LinearMovement.h" />
    <ClInclude Include="Game\Fonts.h" />
    <ClInclude Include="Game\MainMapState.h" />
    <ClInclude Include="Game\map.h" />
    <ClInclude Include="Game\Material.h" />
    <ClInclude Include="Game\Menu.h" />
    <ClInclude Include="Game\Mode0.h" />
    <ClInclude Include="Game\SnakeGen.h" />
    <ClInclude Include="Game\PlacementTile.h" />
    <ClInclude Include="Game\Soldier.h" />
    <ClInclude Include="Game\Splash.h" />
    <ClInclude Include="Game\Squirrel.h" />
    <ClInclude Include="Game\SquirrelGen.h" />
    <ClInclude Include="Game\StateEnding.h" />
    <ClInclude Include="Game\States.h" />
    <ClInclude Include="Game\UnitButton.h" />
    <ClInclude Include="Game\UnitProduction.h" />
    <ClInclude Include="Game\WaitingZone.h" />
    <ClInclude Include="Game\AudioManager.h" />
  </ItemGroup>
</Project>