<?xml version="1.0" encoding="utf-8"?>
<Project ToolsVersion="4.0" xmlns="http://schemas.microsoft.com/developer/msbuild/2003">
  <ItemGroup>
    <Filter Include="Game">
      <UniqueIdentifier>{c9389b07-c52e-4542-b5e6-54ba85bfde8b}</UniqueIdentifier>
    </Filter>
    <Filter Include="Engine">
      <UniqueIdentifier>{97d235d7-e53f-4f1f-a5ff-57030877afaf}</UniqueIdentifier>
    </Filter>
  </ItemGroup>
  <ItemGroup>
    <ClCompile Include="main.cpp" />
    <ClCompile Include="Game\map.cpp">
      <Filter>Game</Filter>
    </ClCompile>
    <ClCompile Include="Game\General.cpp">
      <Filter>Game</Filter>
    </ClCompile>
    <ClCompile Include="Game\Soldier.cpp">
      <Filter>Game</Filter>
    </ClCompile>
    <ClCompile Include="Game\BattleMap.cpp">
      <Filter>Game</Filter>
    </ClCompile>
    <ClCompile Include="Engine\TurnManager.cpp">
      <Filter>Engine</Filter>
    </ClCompile>
    <ClCompile Include="Game\Mode0.cpp">
      <Filter>Game</Filter>
    </ClCompile>
    <ClCompile Include="Game\Menu.cpp">
      <Filter>Game</Filter>
    </ClCompile>
  </ItemGroup>
  <ItemGroup>
    <ClInclude Include="Game\map.h">
      <Filter>Game</Filter>
    </ClInclude>
    <ClInclude Include="Game\General.h">
      <Filter>Game</Filter>
    </ClInclude>
    <ClInclude Include="Game\Soldier.h">
      <Filter>Game</Filter>
    </ClInclude>
    <ClInclude Include="Game\BattleMap.h">
      <Filter>Game</Filter>
    </ClInclude>
    <ClInclude Include="Engine\TurnManager.h">
      <Filter>Engine</Filter>
    </ClInclude>
    <ClInclude Include="Game\Mode0.h">
      <Filter>Game</Filter>
    </ClInclude>
    <ClInclude Include="Game\Menu.h">
      <Filter>Game</Filter>
    </ClInclude>
  </ItemGroup>
</Project>